
Microsoft Visual Studio Solution File, Format Version 12.00
# Visual Studio Version 17
VisualStudioVersion = 17.14.36518.9
MinimumVisualStudioVersion = 10.0.40219.1
Project("{FAE04EC0-301F-11D3-BF4B-00C04F79EFBC}") = "Engine", "Engine\Engine.csproj", "{00A46740-4C2C-4603-A1C8-100C99FB6F01}"
EndProject
Global
	GlobalSection(SolutionConfigurationPlatforms) = preSolution
		Debug|Any CPU = Debug|Any CPU
		Release|Any CPU = Release|Any CPU
	EndGlobalSection
	GlobalSection(ProjectConfigurationPlatforms) = postSolution
		{00A46740-4C2C-4603-A1C8-100C99FB6F01}.Debug|Any CPU.ActiveCfg = Debug|Any CPU
		{00A46740-4C2C-4603-A1C8-100C99FB6F01}.Debug|Any CPU.Build.0 = Debug|Any CPU
		{00A46740-4C2C-4603-A1C8-100C99FB6F01}.Release|Any CPU.ActiveCfg = Release|Any CPU
		{00A46740-4C2C-4603-A1C8-100C99FB6F01}.Release|Any CPU.Build.0 = Release|Any CPU
	EndGlobalSection
	GlobalSection(SolutionProperties) = preSolution
		HideSolutionNode = FALSE
	EndGlobalSection
	GlobalSection(ExtensibilityGlobals) = postSolution
		SolutionGuid = {924BEC74-4F08-420F-A53E-305B1F77B278}
	EndGlobalSection
EndGlobal
